
Microsoft Visual Studio Solution File, Format Version 11.00
# Visual Studio 2010
Project("{8BC9CEB8-8B4A-11D0-8D11-00A0C91BC942}") = "Lab4", "Lab4\Lab4.vcxproj", "{A8B2C217-BEF7-4BDE-A725-514CC5B03EEC}"
EndProject
Project("{2150E333-8FDC-42A3-9474-1A3956D46DE8}") = "Solution Items", "Solution Items", "{12ABCD1E-1A2F-4F88-9CC3-B43832E301DC}"
EndProject
Global
	GlobalSection(SolutionConfigurationPlatforms) = preSolution
		Debug|Win32 = Debug|Win32
		Release|Win32 = Release|Win32
	EndGlobalSection
	GlobalSection(ProjectConfigurationPlatforms) = postSolution
		{A8B2C217-BEF7-4BDE-A725-514CC5B03EEC}.Debug|Win32.ActiveCfg = Debug|Win32
		{A8B2C217-BEF7-4BDE-A725-514CC5B03EEC}.Debug|Win32.Build.0 = Debug|Win32
		{A8B2C217-BEF7-4BDE-A725-514CC5B03EEC}.Release|Win32.ActiveCfg = Release|Win32
		{A8B2C217-BEF7-4BDE-A725-514CC5B03EEC}.Release|Win32.Build.0 = Release|Win32
	EndGlobalSection
	GlobalSection(SolutionProperties) = preSolution
		HideSolutionNode = FALSE
	EndGlobalSection
EndGlobal
