
Microsoft Visual Studio Solution File, Format Version 11.00
# Visual Studio 2010
Project("{8BC9CEB8-8B4A-11D0-8D11-00A0C91BC942}") = "union", "union\union.vcxproj", "{DD382BD0-35E0-4E1B-B7A8-937DDBCEDDF9}"
EndProject
Global
	GlobalSection(SolutionConfigurationPlatforms) = preSolution
		Debug|Win32 = Debug|Win32
		Release|Win32 = Release|Win32
	EndGlobalSection
	GlobalSection(ProjectConfigurationPlatforms) = postSolution
		{DD382BD0-35E0-4E1B-B7A8-937DDBCEDDF9}.Debug|Win32.ActiveCfg = Debug|Win32
		{DD382BD0-35E0-4E1B-B7A8-937DDBCEDDF9}.Debug|Win32.Build.0 = Debug|Win32
		{DD382BD0-35E0-4E1B-B7A8-937DDBCEDDF9}.Release|Win32.ActiveCfg = Release|Win32
		{DD382BD0-35E0-4E1B-B7A8-937DDBCEDDF9}.Release|Win32.Build.0 = Release|Win32
	EndGlobalSection
	GlobalSection(SolutionProperties) = preSolution
		HideSolutionNode = FALSE
	EndGlobalSection
EndGlobal
